github.com/disintegration/imaging v0.0.0-20160228073435-d8bbae1de109 h1:SR8+9H4plcUP++sH6VFzgl9jQ0ggmgwR0Ch9QepB2N4=
github.com/disintegration/imaging v0.0.0-20160228073435-d8bbae1de109/go.mod h1:9B/deIUIrliYkyMTuXJd6OUFLcrZ2tf+3Qlwnaf/CjU=
github.com/gorilla/context v0.0.0-20141217160251-215affda49ad h1:wJwKN6X6iRRVnjdBgrkWjhBOvYm7yw5boqXwFUnBtbE=
github.com/gorilla/context v0.0.0-20141217160251-215affda49ad/go.mod h1:kBGZzfjB9CEq2AlWe17Uuf7NDRt0dE0s8S51q0aT7Yg=
github.com/gorilla/mux v0.0.0-20150530195356-47e8f450ef38 h1:SOk5gsN4dc/YkxPxvn7D7Aev4S2FM8kYIax26wj/pBg=
github.com/gorilla/mux v0.0.0-20150530195356-47e8f450ef38/go.mod h1:1lud6UwP+6orDFRuTfBEV8e9/aOM/c4fVVCaMa2zaAs=
github.com/gorilla/securecookie v0.0.0-20150605225349-68004d2ba3cb h1:p+4GgKw/P3loOs48Lyapt8Umhit+Xt7ejpKJvVJ4+Bc=
github.com/gorilla/securecookie v0.0.0-20150605225349-68004d2ba3cb/go.mod h1:ra0sb63/xPlUeL+yeDciTfxMRAA+MP+HVt/4epWDjd4=
github.com/gorilla/sessions v0.0.0-20150417174705-f61c3ec2cf65 h1:bDPV+Nh80WIp0U0a/o9wKilWRxH+l8jIySjElU91LeA=
github.com/gorilla/sessions v0.0.0-20150417174705-f61c3ec2cf65/go.mod h1:+WVp8kdw6VhyKExm03PAMRn2ZxnPtm58pV0dBVPdhHE=
github.com/kierdavis/dateparser v0.0.0-20140728063653-eaaa6e75d7ae h1:TNfZvH4p4hcTkkghRKauPZcPkaj1lsbwnfpPFGo519Y=
github.com/kierdavis/dateparser v0.0.0-20140728063653-eaaa6e75d7ae/go.mod h1:XP94QbUMzC3HtKrsILiXj2FSBEofyS5aT2tbrAwE7Is=
github.com/mattn/go-sqlite3 v1.14.10 h1:MLn+5bFRlWMGoSRmJour3CL1w/qL96mvipqpwQW/Sfk=
github.com/mattn/go-sqlite3 v1.14.10/go.mod h1:NyWgC/yNuGj7Q9rpYnZvas74GogHl5/Z4A/KQRfk6bU=
github.com/nfnt/resize v0.0.0-20160109112512-4d93a29130b1 h1:Gi7SMyKr6jDlZzNhBrTMD/1zFiHsd5NIQw2uAXDf3Jk=
github.com/nfnt/resize v0.0.0-20160109112512-4d93a29130b1/go.mod h1:jpp1/29i3P1S/RLdc7JQKbRpFeM1dOBd8T9ki5s+AY8=
github.com/rwcarlsen/goexif v0.0.0-20180518182100-8d986c03457a h1:ZDZdsnbMuRSoVbq1gR47o005lfn2OwODNCr23zh9gSk=
github.com/rwcarlsen/goexif v0.0.0-20180518182100-8d986c03457a/go.mod h1:hPqNNc0+uJM6H+SuU8sEs5K5IQeKccPqeSjfgcKGgPk=
github.com/toqueteos/webbrowser v0.0.0-20130830012402-4a77f4aa7da5 h1:vqTYBr9tALNJfNeAT/JsyMuvAoaoPJQ8byz+K0E7r1M=
github.com/toqueteos/webbrowser v0.0.0-20130830012402-4a77f4aa7da5/go.mod h1:Hqqqmzj8AHn+VlZyVjaRWY20i25hoOZGAABCcg2el4A=
golang.org/x/image v0.0.0-20160410052337-c4e9f1b429ee h1:/FFRF2BSGlF2rYRe6On/+NXum9L1CstToz3e4KeP6wI=
golang.org/x/image v0.0.0-20160410052337-c4e9f1b429ee/go.mod h1:ux5Hcp/YLpHSI86hEcLt0YII63i6oz57MZXIpbrjZUs=
